
Microsoft Visual Studio Solution File, Format Version 12.00
# Visual Studio Version 17
VisualStudioVersion = 17.5.33516.290
MinimumVisualStudioVersion = 10.0.40219.1
Project("{FAE04EC0-301F-11D3-BF4B-00C04F79EFBC}") = "ChatCMD", "ChatCMD.csproj", "{77E3C450-77C3-46D2-A687-52549CDBE9E0}"
EndProject
Global
	GlobalSection(SolutionConfigurationPlatforms) = preSolution
		Debug|Any CPU = Debug|Any CPU
		Release|Any CPU = Release|Any CPU
	EndGlobalSection
	GlobalSection(ProjectConfigurationPlatforms) = postSolution
		{77E3C450-77C3-46D2-A687-52549CDBE9E0}.Debug|Any CPU.ActiveCfg = Debug|Any CPU
		{77E3C450-77C3-46D2-A687-52549CDBE9E0}.Debug|Any CPU.Build.0 = Debug|Any CPU
		{77E3C450-77C3-46D2-A687-52549CDBE9E0}.Release|Any CPU.ActiveCfg = Release|Any CPU
		{77E3C450-77C3-46D2-A687-52549CDBE9E0}.Release|Any CPU.Build.0 = Release|Any CPU
	EndGlobalSection
	GlobalSection(SolutionProperties) = preSolution
		HideSolutionNode = FALSE
	EndGlobalSection
	GlobalSection(ExtensibilityGlobals) = postSolution
		SolutionGuid = {36B109DA-A3E2-4BC4-A1F3-6932F76653A4}
	EndGlobalSection
EndGlobal
